
Microsoft Visual Studio Solution File, Format Version 12.00
# Visual Studio Version 17
VisualStudioVersion = 17.14.37516.0
MinimumVisualStudioVersion = 10.0.40219.1
Project("{2150E333-8FDC-42A3-9474-1A3956D46DE8}") = "src", "src", "{827E0CD3-B72D-47B6-A68D-7590B98EB39B}"
EndProject
Project("{FAE04EC0-301F-11D3-BF4B-00C04F79EFBC}") = "HospitalManagement.Domain", "src\HospitalManagement.Domain\HospitalManagement.Domain.csproj", "{A514AE25-01C8-4796-876A-F6E65556BF52}"
EndProject
Project("{FAE04EC0-301F-11D3-BF4B-00C04F79EFBC}") = "HospitalManagement.Application", "src\HospitalManagement.Application\HospitalManagement.Application.csproj", "{AFB5F1DF-E7E0-475E-8EDF-71FA1CCC1190}"
EndProject
Project("{FAE04EC0-301F-11D3-BF4B-00C04F79EFBC}") = "HospitalManagement.Infrastructure", "src\HospitalManagement.Infrastructure\HospitalManagement.Infrastructure.csproj", "{723B1837-755D-4CC8-BEF0-1B9E521A66E5}"
EndProject
Project("{FAE04EC0-301F-11D3-BF4B-00C04F79EFBC}") = "HospitalManagement.Web", "src\HospitalManagement.Web\HospitalManagement.Web.csproj", "{6D77387C-58FF-4E49-8B6C-5E0ADB16BED8}"
EndProject
Project("{FAE04EC0-301F-11D3-BF4B-00C04F79EFBC}") = "HospitalManagement.Tests", "src\HospitalManagement.Tests\HospitalManagement.Tests.csproj", "{258A8281-868A-443B-8D83-C74CB89ED0C1}"
EndProject
Global
	GlobalSection(SolutionConfigurationPlatforms) = preSolution
		Debug|Any CPU = Debug|Any CPU
		Debug|x64 = Debug|x64
		Debug|x86 = Debug|x86
		Release|Any CPU = Release|Any CPU
		Release|x64 = Release|x64
		Release|x86 = Release|x86
	EndGlobalSection
	GlobalSection(ProjectConfigurationPlatforms) = postSolution
		{A514AE25-01C8-4796-876A-F6E65556BF52}.Debug|Any CPU.ActiveCfg = Debug|Any CPU
		{A514AE25-01C8-4796-876A-F6E65556BF52}.Debug|Any CPU.Build.0 = Debug|Any CPU
		{A514AE25-01C8-4796-876A-F6E65556BF52}.Debug|x64.ActiveCfg = Debug|Any CPU
		{A514AE25-01C8-4796-876A-F6E65556BF52}.Debug|x64.Build.0 = Debug|Any CPU
		{A514AE25-01C8-4796-876A-F6E65556BF52}.Debug|x86.ActiveCfg = Debug|Any CPU
		{A514AE25-01C8-4796-876A-F6E65556BF52}.Debug|x86.Build.0 = Debug|Any CPU
		{A514AE25-01C8-4796-876A-F6E65556BF52}.Release|Any CPU.ActiveCfg = Release|Any CPU
		{A514AE25-01C8-4796-876A-F6E65556BF52}.Release|Any CPU.Build.0 = Release|Any CPU
		{A514AE25-01C8-4796-876A-F6E65556BF52}.Release|x64.ActiveCfg = Release|Any CPU
		{A514AE25-01C8-4796-876A-F6E65556BF52}.Release|x64.Build.0 = Release|Any CPU
		{A514AE25-01C8-4796-876A-F6E65556BF52}.Release|x86.ActiveCfg = Release|Any CPU
		{A514AE25-01C8-4796-876A-F6E65556BF52}.Release|x86.Build.0 = Release|Any CPU
		{AFB5F1DF-E7E0-475E-8EDF-71FA1CCC1190}.Debug|Any CPU.ActiveCfg = Debug|Any CPU
		{AFB5F1DF-E7E0-475E-8EDF-71FA1CCC1190}.Debug|Any CPU.Build.0 = Debug|Any CPU
		{AFB5F1DF-E7E0-475E-8EDF-71FA1CCC1190}.Debug|x64.ActiveCfg = Debug|Any CPU
		{AFB5F1DF-E7E0-475E-8EDF-71FA1CCC1190}.Debug|x64.Build.0 = Debug|Any CPU
		{AFB5F1DF-E7E0-475E-8EDF-71FA1CCC1190}.Debug|x86.ActiveCfg = Debug|Any CPU
		{AFB5F1DF-E7E0-475E-8EDF-71FA1CCC1190}.Debug|x86.Build.0 = Debug|Any CPU
		{AFB5F1DF-E7E0-475E-8EDF-71FA1CCC1190}.Release|Any CPU.ActiveCfg = Release|Any CPU
		{AFB5F1DF-E7E0-475E-8EDF-71FA1CCC1190}.Release|Any CPU.Build.0 = Release|Any CPU
		{AFB5F1DF-E7E0-475E-8EDF-71FA1CCC1190}.Release|x64.ActiveCfg = Release|Any CPU
		{AFB5F1DF-E7E0-475E-8EDF-71FA1CCC1190}.Release|x64.Build.0 = Release|Any CPU
		{AFB5F1DF-E7E0-475E-8EDF-71FA1CCC1190}.Release|x86.ActiveCfg = Release|Any CPU
		{AFB5F1DF-E7E0-475E-8EDF-71FA1CCC1190}.Release|x86.Build.0 = Release|Any CPU
		{723B1837-755D-4CC8-BEF0-1B9E521A66E5}.Debug|Any CPU.ActiveCfg = Debug|Any CPU
		{723B1837-755D-4CC8-BEF0-1B9E521A66E5}.Debug|Any CPU.Build.0 = Debug|Any CPU
		{723B1837-755D-4CC8-BEF0-1B9E521A66E5}.Debug|x64.ActiveCfg = Debug|Any CPU
		{723B1837-755D-4CC8-BEF0-1B9E521A66E5}.Debug|x64.Build.0 = Debug|Any CPU
		{723B1837-755D-4CC8-BEF0-1B9E521A66E5}.Debug|x86.ActiveCfg = Debug|Any CPU
		{723B1837-755D-4CC8-BEF0-1B9E521A66E5}.Debug|x86.Build.0 = Debug|Any CPU
		{723B1837-755D-4CC8-BEF0-1B9E521A66E5}.Release|Any CPU.ActiveCfg = Release|Any CPU
		{723B1837-755D-4CC8-BEF0-1B9E521A66E5}.Release|Any CPU.Build.0 = Release|Any CPU
		{723B1837-755D-4CC8-BEF0-1B9E521A66E5}.Release|x64.ActiveCfg = Release|Any CPU
		{723B1837-755D-4CC8-BEF0-1B9E521A66E5}.Release|x64.Build.0 = Release|Any CPU
		{723B1837-755D-4CC8-BEF0-1B9E521A66E5}.Release|x86.ActiveCfg = Release|Any CPU
		{723B1837-755D-4CC8-BEF0-1B9E521A66E5}.Release|x86.Build.0 = Release|Any CPU
		{6D77387C-58FF-4E49-8B6C-5E0ADB16BED8}.Debug|Any CPU.ActiveCfg = Debug|Any CPU
		{6D77387C-58FF-4E49-8B6C-5E0ADB16BED8}.Debug|Any CPU.Build.0 = Debug|Any CPU
		{6D77387C-58FF-4E49-8B6C-5E0ADB16BED8}.Debug|x64.ActiveCfg = Debug|Any CPU
		{6D77387C-58FF-4E49-8B6C-5E0ADB16BED8}.Debug|x64.Build.0 = Debug|Any CPU
		{6D77387C-58FF-4E49-8B6C-5E0ADB16BED8}.Debug|x86.ActiveCfg = Debug|Any CPU
		{6D77387C-58FF-4E49-8B6C-5E0ADB16BED8}.Debug|x86.Build.0 = Debug|Any CPU
		{6D77387C-58FF-4E49-8B6C-5E0ADB16BED8}.Release|Any CPU.ActiveCfg = Release|Any CPU
		{6D77387C-58FF-4E49-8B6C-5E0ADB16BED8}.Release|Any CPU.Build.0 = Release|Any CPU
		{6D77387C-58FF-4E49-8B6C-5E0ADB16BED8}.Release|x64.ActiveCfg = Release|Any CPU
		{6D77387C-58FF-4E49-8B6C-5E0ADB16BED8}.Release|x64.Build.0 = Release|Any CPU
		{6D77387C-58FF-4E49-8B6C-5E0ADB16BED8}.Release|x86.ActiveCfg = Release|Any CPU
		{6D77387C-58FF-4E49-8B6C-5E0ADB16BED8}.Release|x86.Build.0 = Release|Any CPU
		{258A8281-868A-443B-8D83-C74CB89ED0C1}.Debug|Any CPU.ActiveCfg = Debug|Any CPU
		{258A8281-868A-443B-8D83-C74CB89ED0C1}.Debug|Any CPU.Build.0 = Debug|Any CPU
		{258A8281-868A-443B-8D83-C74CB89ED0C1}.Debug|x64.ActiveCfg = Debug|Any CPU
		{258A8281-868A-443B-8D83-C74CB89ED0C1}.Debug|x64.Build.0 = Debug|Any CPU
		{258A8281-868A-443B-8D83-C74CB89ED0C1}.Debug|x86.ActiveCfg = Debug|Any CPU
		{258A8281-868A-443B-8D83-C74CB89ED0C1}.Debug|x86.Build.0 = Debug|Any CPU
		{258A8281-868A-443B-8D83-C74CB89ED0C1}.Release|Any CPU.ActiveCfg = Release|Any CPU
		{258A8281-868A-443B-8D83-C74CB89ED0C1}.Release|Any CPU.Build.0 = Release|Any CPU
		{258A8281-868A-443B-8D83-C74CB89ED0C1}.Release|x64.ActiveCfg = Release|Any CPU
		{258A8281-868A-443B-8D83-C74CB89ED0C1}.Release|x64.Build.0 = Release|Any CPU
		{258A8281-868A-443B-8D83-C74CB89ED0C1}.Release|x86.ActiveCfg = Release|Any CPU
		{258A8281-868A-443B-8D83-C74CB89ED0C1}.Release|x86.Build.0 = Release|Any CPU
	EndGlobalSection
	GlobalSection(SolutionProperties) = preSolution
		HideSolutionNode = FALSE
	EndGlobalSection
	GlobalSection(NestedProjects) = preSolution
		{A514AE25-01C8-4796-876A-F6E65556BF52} = {827E0CD3-B72D-47B6-A68D-7590B98EB39B}
		{AFB5F1DF-E7E0-475E-8EDF-71FA1CCC1190} = {827E0CD3-B72D-47B6-A68D-7590B98EB39B}
		{723B1837-755D-4CC8-BEF0-1B9E521A66E5} = {827E0CD3-B72D-47B6-A68D-7590B98EB39B}
		{6D77387C-58FF-4E49-8B6C-5E0ADB16BED8} = {827E0CD3-B72D-47B6-A68D-7590B98EB39B}
		{258A8281-868A-443B-8D83-C74CB89ED0C1} = {827E0CD3-B72D-47B6-A68D-7590B98EB39B}
	EndGlobalSection
	GlobalSection(ExtensibilityGlobals) = postSolution
		SolutionGuid = {03799C31-7754-444C-A135-F62973F43AFF}
	EndGlobalSection
EndGlobal
